
Microsoft Visual Studio Solution File, Format Version 12.00
# Visual Studio Version 16
VisualStudioVersion = 16.0.31105.61
MinimumVisualStudioVersion = 10.0.40219.1
Project("{9A19103F-16F7-4668-BE54-9A1E7A4F7556}") = "WebApi", "WebApi\WebApi.csproj", "{97968EFD-DC46-442C-AECF-95C5286DEF48}"
EndProject
Project("{9A19103F-16F7-4668-BE54-9A1E7A4F7556}") = "Domain", "Domain\Domain.csproj", "{A09B46B9-7E30-46B4-B0CA-7D52A18DD5BE}"
EndProject
Project("{9A19103F-16F7-4668-BE54-9A1E7A4F7556}") = "EntityFramework", "EntityFramework\EntityFramework.csproj", "{70053325-03D3-4C8D-8E96-1BF1379C984A}"
EndProject
Global
	GlobalSection(SolutionConfigurationPlatforms) = preSolution
		Debug|Any CPU = Debug|Any CPU
		Release|Any CPU = Release|Any CPU
	EndGlobalSection
	GlobalSection(ProjectConfigurationPlatforms) = postSolution
		{97968EFD-DC46-442C-AECF-95C5286DEF48}.Debug|Any CPU.ActiveCfg = Debug|Any CPU
		{97968EFD-DC46-442C-AECF-95C5286DEF48}.Debug|Any CPU.Build.0 = Debug|Any CPU
		{97968EFD-DC46-442C-AECF-95C5286DEF48}.Release|Any CPU.ActiveCfg = Release|Any CPU
		{97968EFD-DC46-442C-AECF-95C5286DEF48}.Release|Any CPU.Build.0 = Release|Any CPU
		{A09B46B9-7E30-46B4-B0CA-7D52A18DD5BE}.Debug|Any CPU.ActiveCfg = Debug|Any CPU
		{A09B46B9-7E30-46B4-B0CA-7D52A18DD5BE}.Debug|Any CPU.Build.0 = Debug|Any CPU
		{A09B46B9-7E30-46B4-B0CA-7D52A18DD5BE}.Release|Any CPU.ActiveCfg = Release|Any CPU
		{A09B46B9-7E30-46B4-B0CA-7D52A18DD5BE}.Release|Any CPU.Build.0 = Release|Any CPU
		{70053325-03D3-4C8D-8E96-1BF1379C984A}.Debug|Any CPU.ActiveCfg = Debug|Any CPU
		{70053325-03D3-4C8D-8E96-1BF1379C984A}.Debug|Any CPU.Build.0 = Debug|Any CPU
		{70053325-03D3-4C8D-8E96-1BF1379C984A}.Release|Any CPU.ActiveCfg = Release|Any CPU
		{70053325-03D3-4C8D-8E96-1BF1379C984A}.Release|Any CPU.Build.0 = Release|Any CPU
	EndGlobalSection
	GlobalSection(SolutionProperties) = preSolution
		HideSolutionNode = FALSE
	EndGlobalSection
	GlobalSection(ExtensibilityGlobals) = postSolution
		SolutionGuid = {912B870A-04EC-4D80-A5E5-635141105EA0}
	EndGlobalSection
EndGlobal
